// !$*UTF8*$!
{
	archiveVersion = 1;
	classes = {
	};
	objectVersion = 48;
	objects = {

/* Begin PBXBuildFile section */
		AE03DEE621777F6800F6A4ED /* AppDelegate.swift in Sources */ = {isa = PBXBuildFile; fileRef = AE03DEE521777F6800F6A4ED /* AppDelegate.swift */; };
		AE03DEE821777F6900F6A4ED /* ViewController.swift in Sources */ = {isa = PBXBuildFile; fileRef = AE03DEE721777F6900F6A4ED /* ViewController.swift */; };
		AE03DEEB21777F6900F6A4ED /* Main.storyboard in Resources */ = {isa = PBXBuildFile; fileRef = AE03DEE921777F6900F6A4ED /* Main.storyboard */; };
		AE03DEED21777F6900F6A4ED /* Assets.xcassets in Resources */ = {isa = PBXBuildFile; fileRef = AE03DEEC21777F6900F6A4ED /* Assets.xcassets */; };
		AE03DEF021777F6900F6A4ED /* LaunchScreen.storyboard in Resources */ = {isa = PBXBuildFile; fileRef = AE03DEEE21777F6900F6A4ED /* LaunchScreen.storyboard */; };
/* End PBXBuildFile section */

/* Begin PBXFileReference section */
		AE03DEE221777F6800F6A4ED /* purikura.app */ = {isa = PBXFileReference; explicitFileType = wrapper.application; includeInIndex = 0; path = purikura.app; sourceTree = BUILT_PRODUCTS_DIR; };
		AE03DEE521777F6800F6A4ED /* AppDelegate.swift */ = {isa = PBXFileReference; lastKnownFileType = sourcecode.swift; path = AppDelegate.swift; sourceTree = "<group>"; };
		AE03DEE721777F6900F6A4ED /* ViewController.swift */ = {isa = PBXFileReference; lastKnownFileType = sourcecode.swift; path = ViewController.swift; sourceTree = "<group>"; };
		AE03DEEA21777F6900F6A4ED /* Base */ = {isa = PBXFileReference; lastKnownFileType = file.storyboard; name = Base; path = Base.lproj/Main.storyboard; sourceTree = "<group>"; };
		AE03DEEC21777F6900F6A4ED /* Assets.xcassets */ = {isa = PBXFileReference; lastKnownFileType = folder.assetcatalog; path = Assets.xcassets; sourceTree = "<group>"; };
		AE03DEEF21777F6900F6A4ED /* Base */ = {isa = PBXFileReference; lastKnownFileType = file.storyboard; name = Base; path = Base.lproj/LaunchScreen.storyboard; sourceTree = "<group>"; };
		AE03DEF121777F6900F6A4ED /* Info.plist */ = {isa = PBXFileReference; lastKnownFileType = text.plist.xml; path = Info.plist; sourceTree = "<group>"; };
/* End PBXFileReference section */

/* Begin PBXFrameworksBuildPhase section */
		AE03DEDF21777F6800F6A4ED /* Frameworks */ = {
			isa = PBXFrameworksBuildPhase;
			buildActionMask = 2147483647;
			files = (
			);
			runOnlyForDeploymentPostprocessing = 0;
		};
/* End PBXFrameworksBuildPhase section */

/* Begin PBXGroup section */
		AE03DED921777F6800F6A4ED = {
			isa = PBXGroup;
			children = (
				AE03DEE421777F6800F6A4ED /* purikura */,
				AE03DEE321777F6800F6A4ED /* Products */,
			);
			sourceTree = "<group>";
		};
		AE03DEE321777F6800F6A4ED /* Products */ = {
			isa = PBXGroup;
			children = (
				AE03DEE221777F6800F6A4ED /* purikura.app */,
			);
			name = Products;
			sourceTree = "<group>";
		};
		AE03DEE421777F6800F6A4ED /* purikura */ = {
			isa = PBXGroup;
			children = (
				AE03DEE521777F6800F6A4ED /* AppDelegate.swift */,
				AE03DEE721777F6900F6A4ED /* ViewController.swift */,
				AE03DEE921777F6900F6A4ED /* Main.storyboard */,
				AE03DEEC21777F6900F6A4ED /* Assets.xcassets */,
				AE03DEEE21777F6900F6A4ED /* LaunchScreen.storyboard */,
				AE03DEF121777F6900F6A4ED /* Info.plist */,
			);
			path = purikura;
			sourceTree = "<group>";
		};
/* End PBXGroup section */

/* Begin PBXNativeTarget section */
		AE03DEE121777F6800F6A4ED /* purikura */ = {
			isa = PBXNativeTarget;
			buildConfigurationList = AE03DEF421777F6900F6A4ED /* Build configuration list for PBXNativeTarget "purikura" */;
			buildPhases = (
				AE03DEDE21777F6800F6A4ED /* Sources */,
				AE03DEDF21777F6800F6A4ED /* Frameworks */,
				AE03DEE021777F6800F6A4ED /* Resources */,
			);
			buildRules = (
			);
			dependencies = (
			);
			name = purikura;
			productName = purikura;
			productReference = AE03DEE221777F6800F6A4ED /* purikura.app */;
			productType = "com.apple.product-type.application";
		};
/* End PBXNativeTarget section */

/* Begin PBXProject section */
		AE03DEDA21777F6800F6A4ED /* Project object */ = {
			isa = PBXProject;
			attributes = {
				LastSwiftUpdateCheck = 0910;
				LastUpgradeCheck = 0910;
				ORGANIZATIONNAME = shape;
				TargetAttributes = {
					AE03DEE121777F6800F6A4ED = {
						CreatedOnToolsVersion = 9.1;
						ProvisioningStyle = Automatic;
					};
				};
			};
			buildConfigurationList = AE03DEDD21777F6800F6A4ED /* Build configuration list for PBXProject "purikura" */;
			compatibilityVersion = "Xcode 8.0";
			developmentRegion = en;
			hasScannedForEncodings = 0;
			knownRegions = (
				en,
				Base,
			);
			mainGroup = AE03DED921777F6800F6A4ED;
			productRefGroup = AE03DEE321777F6800F6A4ED /* Products */;
			projectDirPath = "";
			projectRoot = "";
			targets = (
				AE03DEE121777F6800F6A4ED /* purikura */,
			);
		};
/* End PBXProject section */

/* Begin PBXResourcesBuildPhase section */
		AE03DEE021777F6800F6A4ED /* Resources */ = {
			isa = PBXResourcesBuildPhase;
			buildActionMask = 2147483647;
			files = (
				AE03DEF021777F6900F6A4ED /* LaunchScreen.storyboard in Resources */,
				AE03DEED21777F6900F6A4ED /* Assets.xcassets in Resources */,
				AE03DEEB21777F6900F6A4ED /* Main.storyboard in Resources */,
			);
			runOnlyForDeploymentPostprocessing = 0;
		};
/* End PBXResourcesBuildPhase section */

/* Begin PBXSourcesBuildPhase section */
		AE03DEDE21777F6800F6A4ED /* Sources */ = {
			isa = PBXSourcesBuildPhase;
			buildActionMask = 2147483647;
			files = (
				AE03DEE821777F6900F6A4ED /* ViewController.swift in Sources */,
				AE03DEE621777F6800F6A4ED /* AppDelegate.swift in Sources */,
			);
			runOnlyForDeploymentPostprocessing = 0;
		};
/* End PBXSourcesBuildPhase section */

/* Begin PBXVariantGroup section */
		AE03DEE921777F6900F6A4ED /* Main.storyboard */ = {
			isa = PBXVariantGroup;
			children = (
				AE03DEEA21777F6900F6A4ED /* Base */,
			);
			name = Main.storyboard;
			sourceTree = "<group>";
		};
		AE03DEEE21777F6900F6A4ED /* LaunchScreen.storyboard */ = {
			isa = PBXVariantGroup;
			children = (
				AE03DEEF21777F6900F6A4ED /* Base */,
			);
			name = LaunchScreen.storyboard;
			sourceTree = "<group>";
		};
/* End PBXVariantGroup section */

/* Begin XCBuildConfiguration section */
		AE03DEF221777F6900F6A4ED /* Debug */ = {
			isa = XCBuildConfiguration;
			buildSettings = {
				ALWAYS_SEARCH_USER_PATHS = NO;
				CLANG_ANALYZER_NONNULL = YES;
				CLANG_ANALYZER_NUMBER_OBJECT_CONVERSION = YES_AGGRESSIVE;
				CLANG_CXX_LANGUAGE_STANDARD = "gnu++14";
				CLANG_CXX_LIBRARY = "libc++";
				CLANG_ENABLE_MODULES = YES;
				CLANG_ENABLE_OBJC_ARC = YES;
				CLANG_WARN_BLOCK_CAPTURE_AUTORELEASING = YES;
				CLANG_WARN_BOOL_CONVERSION = YES;
				CLANG_WARN_COMMA = YES;
				CLANG_WARN_CONSTANT_CONVERSION = YES;
				CLANG_WARN_DIRECT_OBJC_ISA_USAGE = YES_ERROR;
				CLANG_WARN_DOCUMENTATION_COMMENTS = YES;
				CLANG_WARN_EMPTY_BODY = YES;
				CLANG_WARN_ENUM_CONVERSION = YES;
				CLANG_WARN_INFINITE_RECURSION = YES;
				CLANG_WARN_INT_CONVERSION = YES;
				CLANG_WARN_NON_LITERAL_NULL_CONVERSION = YES;
				CLANG_WARN_OBJC_LITERAL_CONVERSION = YES;
				CLANG_WARN_OBJC_ROOT_CLASS = YES_ERROR;
				CLANG_WARN_RANGE_LOOP_ANALYSIS = YES;
				CLANG_WARN_STRICT_PROTOTYPES = YES;
				CLANG_WARN_SUSPICIOUS_MOVE = YES;
				CLANG_WARN_UNGUARDED_AVAILABILITY = YES_AGGRESSIVE;
				CLANG_WARN_UNREACHABLE_CODE = YES;
				CLANG_WARN__DUPLICATE_METHOD_MATCH = YES;
				CODE_SIGN_IDENTITY = "iPhone Developer";
				COPY_PHASE_STRIP = NO;
				DEBUG_INFORMATION_FORMAT = dwarf;
				ENABLE_STRICT_OBJC_MSGSEND = YES;
				ENABLE_TESTABILITY = YES;
				GCC_C_LANGUAGE_STANDARD = gnu11;
				GCC_DYNAMIC_NO_PIC = NO;
				GCC_NO_COMMON_BLOCKS = YES;
				GCC_OPTIMIZATION_LEVEL = 0;
				GCC_PREPROCESSOR_DEFINITIONS = (
					"DEBUG=1",
					"$(inherited)",
				);
				GCC_WARN_64_TO_32_BIT_CONVERSION = YES;
				GCC_WARN_ABOUT_RETURN_TYPE = YES_ERROR;
				GCC_WARN_UNDECLARED_SELECTOR = YES;
				GCC_WARN_UNINITIALIZED_AUTOS = YES_AGGRESSIVE;
				GCC_WARN_UNUSED_FUNCTION = YES;
				GCC_WARN_UNUSED_VARIABLE = YES;
				IPHONEOS_DEPLOYMENT_TARGET = 11.1;
				MTL_ENABLE_DEBUG_INFO = YES;
				ONLY_ACTIVE_ARCH = YES;
				SDKROOT = iphoneos;
				SWIFT_ACTIVE_COMPILATION_CONDITIONS = DEBUG;
				SWIFT_OPTIMIZATION_LEVEL = "-Onone";
			};
			name = Debug;
		};
		AE03DEF321777F6900F6A4ED /* Release */ = {
			isa = XCBuildConfiguration;
			buildSettings = {
				ALWAYS_SEARCH_USER_PATHS = NO;
				CLANG_ANALYZER_NONNULL = YES;
				CLANG_ANALYZER_NUMBER_OBJECT_CONVERSION = YES_AGGRESSIVE;
				CLANG_CXX_LANGUAGE_STANDARD = "gnu++14";
				CLANG_CXX_LIBRARY = "libc++";
				CLANG_ENABLE_MODULES = YES;
				CLANG_ENABLE_OBJC_ARC = YES;
				CLANG_WARN_BLOCK_CAPTURE_AUTORELEASING = YES;
				CLANG_WARN_BOOL_CONVERSION = YES;
				CLANG_WARN_COMMA = YES;
				CLANG_WARN_CONSTANT_CONVERSION = YES;
				CLANG_WARN_DIRECT_OBJC_ISA_USAGE = YES_ERROR;
				CLANG_WARN_DOCUMENTATION_COMMENTS = YES;
				CLANG_WARN_EMPTY_BODY = YES;
				CLANG_WARN_ENUM_CONVERSION = YES;
				CLANG_WARN_INFINITE_RECURSION = YES;
				CLANG_WARN_INT_CONVERSION = YES;
				CLANG_WARN_NON_LITERAL_NULL_CONVERSION = YES;
				CLANG_WARN_OBJC_LITERAL_CONVERSION = YES;
				CLANG_WARN_OBJC_ROOT_CLASS = YES_ERROR;
				CLANG_WARN_RANGE_LOOP_ANALYSIS = YES;
				CLANG_WARN_STRICT_PROTOTYPES = YES;
				CLANG_WARN_SUSPICIOUS_MOVE = YES;
				CLANG_WARN_UNGUARDED_AVAILABILITY = YES_AGGRESSIVE;
				CLANG_WARN_UNREACHABLE_CODE = YES;
				CLANG_WARN__DUPLICATE_METHOD_MATCH = YES;
				CODE_SIGN_IDENTITY = "iPhone Developer";
				COPY_PHASE_STRIP = NO;
				DEBUG_INFORMATION_FORMAT = "dwarf-with-dsym";
				ENABLE_NS_ASSERTIONS = NO;
				ENABLE_STRICT_OBJC_MSGSEND = YES;
				GCC_C_LANGUAGE_STANDARD = gnu11;
				GCC_NO_COMMON_BLOCKS = YES;
				GCC_WARN_64_TO_32_BIT_CONVERSION = YES;
				GCC_WARN_ABOUT_RETURN_TYPE = YES_ERROR;
				GCC_WARN_UNDECLARED_SELECTOR = YES;
				GCC_WARN_UNINITIALIZED_AUTOS = YES_AGGRESSIVE;
				GCC_WARN_UNUSED_FUNCTION = YES;
				GCC_WARN_UNUSED_VARIABLE = YES;
				IPHONEOS_DEPLOYMENT_TARGET = 11.1;
				MTL_ENABLE_DEBUG_INFO = NO;
				SDKROOT = iphoneos;
				SWIFT_OPTIMIZATION_LEVEL = "-Owholemodule";
				VALIDATE_PRODUCT = YES;
			};
			name = Release;
		};
		AE03DEF521777F6900F6A4ED /* Debug */ = {
			isa = XCBuildConfiguration;
			buildSettings = {
				ASSETCATALOG_COMPILER_APPICON_NAME = AppIcon;
				CODE_SIGN_STYLE = Automatic;
				DEVELOPMENT_TEAM = K9L8Q39T4L;
				INFOPLIST_FILE = purikura/Info.plist;
				LD_RUNPATH_SEARCH_PATHS = "$(inherited) @executable_path/Frameworks";
				PRODUCT_BUNDLE_IDENTIFIER = "com.shape-io.purikura";
				PRODUCT_NAME = "$(TARGET_NAME)";
				SWIFT_VERSION = 4.0;
				TARGETED_DEVICE_FAMILY = "1,2";
			};
			name = Debug;
		};
		AE03DEF621777F6900F6A4ED /* Release */ = {
			isa = XCBuildConfiguration;
			buildSettings = {
				ASSETCATALOG_COMPILER_APPICON_NAME = AppIcon;
				CODE_SIGN_STYLE = Automatic;
				DEVELOPMENT_TEAM = K9L8Q39T4L;
				INFOPLIST_FILE = purikura/Info.plist;
				LD_RUNPATH_SEARCH_PATHS = "$(inherited) @executable_path/Frameworks";
				PRODUCT_BUNDLE_IDENTIFIER = "com.shape-io.purikura";
				PRODUCT_NAME = "$(TARGET_NAME)";
				SWIFT_VERSION = 4.0;
				TARGETED_DEVICE_FAMILY = "1,2";
			};
			name = Release;
		};
/* End XCBuildConfiguration section */

/* Begin XCConfigurationList section */
		AE03DEDD21777F6800F6A4ED /* Build configuration list for PBXProject "purikura" */ = {
			isa = XCConfigurationList;
			buildConfigurations = (
				AE03DEF221777F6900F6A4ED /* Debug */,
				AE03DEF321777F6900F6A4ED /* Release */,
			);
			defaultConfigurationIsVisible = 0;
			defaultConfigurationName = Release;
		};
		AE03DEF421777F6900F6A4ED /* Build configuration list for PBXNativeTarget "purikura" */ = {
			isa = XCConfigurationList;
			buildConfigurations = (
				AE03DEF521777F6900F6A4ED /* Debug */,
				AE03DEF621777F6900F6A4ED /* Release */,
			);
			defaultConfigurationIsVisible = 0;
			defaultConfigurationName = Release;
		};
/* End XCConfigurationList section */
	};
	rootObject = AE03DEDA21777F6800F6A4ED /* Project object */;
}
