// !$*UTF8*$!
{
	archiveVersion = 1;
	classes = {
	};
	objectVersion = 50;
	objects = {

/* Begin PBXBuildFile section */
		F5AC044C21777FA200FF9887 /* AppDelegate.swift in Sources */ = {isa = PBXBuildFile; fileRef = F5AC044B21777FA200FF9887 /* AppDelegate.swift */; };
		F5AC044E21777FA200FF9887 /* ViewController.swift in Sources */ = {isa = PBXBuildFile; fileRef = F5AC044D21777FA200FF9887 /* ViewController.swift */; };
		F5AC045121777FA200FF9887 /* Main.storyboard in Resources */ = {isa = PBXBuildFile; fileRef = F5AC044F21777FA200FF9887 /* Main.storyboard */; };
		F5AC045321777FA300FF9887 /* Assets.xcassets in Resources */ = {isa = PBXBuildFile; fileRef = F5AC045221777FA300FF9887 /* Assets.xcassets */; };
		F5AC045621777FA300FF9887 /* LaunchScreen.storyboard in Resources */ = {isa = PBXBuildFile; fileRef = F5AC045421777FA300FF9887 /* LaunchScreen.storyboard */; };
		F5AC046121777FA300FF9887 /* iPadAppTests.swift in Sources */ = {isa = PBXBuildFile; fileRef = F5AC046021777FA300FF9887 /* iPadAppTests.swift */; };
		F5AC046C21777FA300FF9887 /* iPadAppUITests.swift in Sources */ = {isa = PBXBuildFile; fileRef = F5AC046B21777FA300FF9887 /* iPadAppUITests.swift */; };
/* End PBXBuildFile section */

/* Begin PBXContainerItemProxy section */
		F5AC045D21777FA300FF9887 /* PBXContainerItemProxy */ = {
			isa = PBXContainerItemProxy;
			containerPortal = F5AC044021777FA200FF9887 /* Project object */;
			proxyType = 1;
			remoteGlobalIDString = F5AC044721777FA200FF9887;
			remoteInfo = iPadApp;
		};
		F5AC046821777FA300FF9887 /* PBXContainerItemProxy */ = {
			isa = PBXContainerItemProxy;
			containerPortal = F5AC044021777FA200FF9887 /* Project object */;
			proxyType = 1;
			remoteGlobalIDString = F5AC044721777FA200FF9887;
			remoteInfo = iPadApp;
		};
/* End PBXContainerItemProxy section */

/* Begin PBXFileReference section */
		F5AC044821777FA200FF9887 /* iPadApp.app */ = {isa = PBXFileReference; explicitFileType = wrapper.application; includeInIndex = 0; path = iPadApp.app; sourceTree = BUILT_PRODUCTS_DIR; };
		F5AC044B21777FA200FF9887 /* AppDelegate.swift */ = {isa = PBXFileReference; lastKnownFileType = sourcecode.swift; path = AppDelegate.swift; sourceTree = "<group>"; };
		F5AC044D21777FA200FF9887 /* ViewController.swift */ = {isa = PBXFileReference; lastKnownFileType = sourcecode.swift; path = ViewController.swift; sourceTree = "<group>"; };
		F5AC045021777FA200FF9887 /* Base */ = {isa = PBXFileReference; lastKnownFileType = file.storyboard; name = Base; path = Base.lproj/Main.storyboard; sourceTree = "<group>"; };
		F5AC045221777FA300FF9887 /* Assets.xcassets */ = {isa = PBXFileReference; lastKnownFileType = folder.assetcatalog; path = Assets.xcassets; sourceTree = "<group>"; };
		F5AC045521777FA300FF9887 /* Base */ = {isa = PBXFileReference; lastKnownFileType = file.storyboard; name = Base; path = Base.lproj/LaunchScreen.storyboard; sourceTree = "<group>"; };
		F5AC045721777FA300FF9887 /* Info.plist */ = {isa = PBXFileReference; lastKnownFileType = text.plist.xml; path = Info.plist; sourceTree = "<group>"; };
		F5AC045C21777FA300FF9887 /* iPadAppTests.xctest */ = {isa = PBXFileReference; explicitFileType = wrapper.cfbundle; includeInIndex = 0; path = iPadAppTests.xctest; sourceTree = BUILT_PRODUCTS_DIR; };
		F5AC046021777FA300FF9887 /* iPadAppTests.swift */ = {isa = PBXFileReference; lastKnownFileType = sourcecode.swift; path = iPadAppTests.swift; sourceTree = "<group>"; };
		F5AC046221777FA300FF9887 /* Info.plist */ = {isa = PBXFileReference; lastKnownFileType = text.plist.xml; path = Info.plist; sourceTree = "<group>"; };
		F5AC046721777FA300FF9887 /* iPadAppUITests.xctest */ = {isa = PBXFileReference; explicitFileType = wrapper.cfbundle; includeInIndex = 0; path = iPadAppUITests.xctest; sourceTree = BUILT_PRODUCTS_DIR; };
		F5AC046B21777FA300FF9887 /* iPadAppUITests.swift */ = {isa = PBXFileReference; lastKnownFileType = sourcecode.swift; path = iPadAppUITests.swift; sourceTree = "<group>"; };
		F5AC046D21777FA300FF9887 /* Info.plist */ = {isa = PBXFileReference; lastKnownFileType = text.plist.xml; path = Info.plist; sourceTree = "<group>"; };
/* End PBXFileReference section */

/* Begin PBXFrameworksBuildPhase section */
		F5AC044521777FA200FF9887 /* Frameworks */ = {
			isa = PBXFrameworksBuildPhase;
			buildActionMask = 2147483647;
			files = (
			);
			runOnlyForDeploymentPostprocessing = 0;
		};
		F5AC045921777FA300FF9887 /* Frameworks */ = {
			isa = PBXFrameworksBuildPhase;
			buildActionMask = 2147483647;
			files = (
			);
			runOnlyForDeploymentPostprocessing = 0;
		};
		F5AC046421777FA300FF9887 /* Frameworks */ = {
			isa = PBXFrameworksBuildPhase;
			buildActionMask = 2147483647;
			files = (
			);
			runOnlyForDeploymentPostprocessing = 0;
		};
/* End PBXFrameworksBuildPhase section */

/* Begin PBXGroup section */
		F5AC043F21777FA200FF9887 = {
			isa = PBXGroup;
			children = (
				F5AC044A21777FA200FF9887 /* iPadApp */,
				F5AC045F21777FA300FF9887 /* iPadAppTests */,
				F5AC046A21777FA300FF9887 /* iPadAppUITests */,
				F5AC044921777FA200FF9887 /* Products */,
			);
			sourceTree = "<group>";
		};
		F5AC044921777FA200FF9887 /* Products */ = {
			isa = PBXGroup;
			children = (
				F5AC044821777FA200FF9887 /* iPadApp.app */,
				F5AC045C21777FA300FF9887 /* iPadAppTests.xctest */,
				F5AC046721777FA300FF9887 /* iPadAppUITests.xctest */,
			);
			name = Products;
			sourceTree = "<group>";
		};
		F5AC044A21777FA200FF9887 /* iPadApp */ = {
			isa = PBXGroup;
			children = (
				F5AC044B21777FA200FF9887 /* AppDelegate.swift */,
				F5AC044D21777FA200FF9887 /* ViewController.swift */,
				F5AC044F21777FA200FF9887 /* Main.storyboard */,
				F5AC045221777FA300FF9887 /* Assets.xcassets */,
				F5AC045421777FA300FF9887 /* LaunchScreen.storyboard */,
				F5AC045721777FA300FF9887 /* Info.plist */,
			);
			path = iPadApp;
			sourceTree = "<group>";
		};
		F5AC045F21777FA300FF9887 /* iPadAppTests */ = {
			isa = PBXGroup;
			children = (
				F5AC046021777FA300FF9887 /* iPadAppTests.swift */,
				F5AC046221777FA300FF9887 /* Info.plist */,
			);
			path = iPadAppTests;
			sourceTree = "<group>";
		};
		F5AC046A21777FA300FF9887 /* iPadAppUITests */ = {
			isa = PBXGroup;
			children = (
				F5AC046B21777FA300FF9887 /* iPadAppUITests.swift */,
				F5AC046D21777FA300FF9887 /* Info.plist */,
			);
			path = iPadAppUITests;
			sourceTree = "<group>";
		};
/* End PBXGroup section */

/* Begin PBXNativeTarget section */
		F5AC044721777FA200FF9887 /* iPadApp */ = {
			isa = PBXNativeTarget;
			buildConfigurationList = F5AC047021777FA300FF9887 /* Build configuration list for PBXNativeTarget "iPadApp" */;
			buildPhases = (
				F5AC044421777FA200FF9887 /* Sources */,
				F5AC044521777FA200FF9887 /* Frameworks */,
				F5AC044621777FA200FF9887 /* Resources */,
			);
			buildRules = (
			);
			dependencies = (
			);
			name = iPadApp;
			productName = iPadApp;
			productReference = F5AC044821777FA200FF9887 /* iPadApp.app */;
			productType = "com.apple.product-type.application";
		};
		F5AC045B21777FA300FF9887 /* iPadAppTests */ = {
			isa = PBXNativeTarget;
			buildConfigurationList = F5AC047321777FA300FF9887 /* Build configuration list for PBXNativeTarget "iPadAppTests" */;
			buildPhases = (
				F5AC045821777FA300FF9887 /* Sources */,
				F5AC045921777FA300FF9887 /* Frameworks */,
				F5AC045A21777FA300FF9887 /* Resources */,
			);
			buildRules = (
			);
			dependencies = (
				F5AC045E21777FA300FF9887 /* PBXTargetDependency */,
			);
			name = iPadAppTests;
			productName = iPadAppTests;
			productReference = F5AC045C21777FA300FF9887 /* iPadAppTests.xctest */;
			productType = "com.apple.product-type.bundle.unit-test";
		};
		F5AC046621777FA300FF9887 /* iPadAppUITests */ = {
			isa = PBXNativeTarget;
			buildConfigurationList = F5AC047621777FA300FF9887 /* Build configuration list for PBXNativeTarget "iPadAppUITests" */;
			buildPhases = (
				F5AC046321777FA300FF9887 /* Sources */,
				F5AC046421777FA300FF9887 /* Frameworks */,
				F5AC046521777FA300FF9887 /* Resources */,
			);
			buildRules = (
			);
			dependencies = (
				F5AC046921777FA300FF9887 /* PBXTargetDependency */,
			);
			name = iPadAppUITests;
			productName = iPadAppUITests;
			productReference = F5AC046721777FA300FF9887 /* iPadAppUITests.xctest */;
			productType = "com.apple.product-type.bundle.ui-testing";
		};
/* End PBXNativeTarget section */

/* Begin PBXProject section */
		F5AC044021777FA200FF9887 /* Project object */ = {
			isa = PBXProject;
			attributes = {
				LastSwiftUpdateCheck = 1000;
				LastUpgradeCheck = 1000;
				ORGANIZATIONNAME = Hiroki.T;
				TargetAttributes = {
					F5AC044721777FA200FF9887 = {
						CreatedOnToolsVersion = 10.0;
					};
					F5AC045B21777FA300FF9887 = {
						CreatedOnToolsVersion = 10.0;
						TestTargetID = F5AC044721777FA200FF9887;
					};
					F5AC046621777FA300FF9887 = {
						CreatedOnToolsVersion = 10.0;
						TestTargetID = F5AC044721777FA200FF9887;
					};
				};
			};
			buildConfigurationList = F5AC044321777FA200FF9887 /* Build configuration list for PBXProject "iPadApp" */;
			compatibilityVersion = "Xcode 9.3";
			developmentRegion = en;
			hasScannedForEncodings = 0;
			knownRegions = (
				en,
				Base,
			);
			mainGroup = F5AC043F21777FA200FF9887;
			productRefGroup = F5AC044921777FA200FF9887 /* Products */;
			projectDirPath = "";
			projectRoot = "";
			targets = (
				F5AC044721777FA200FF9887 /* iPadApp */,
				F5AC045B21777FA300FF9887 /* iPadAppTests */,
				F5AC046621777FA300FF9887 /* iPadAppUITests */,
			);
		};
/* End PBXProject section */

/* Begin PBXResourcesBuildPhase section */
		F5AC044621777FA200FF9887 /* Resources */ = {
			isa = PBXResourcesBuildPhase;
			buildActionMask = 2147483647;
			files = (
				F5AC045621777FA300FF9887 /* LaunchScreen.storyboard in Resources */,
				F5AC045321777FA300FF9887 /* Assets.xcassets in Resources */,
				F5AC045121777FA200FF9887 /* Main.storyboard in Resources */,
			);
			runOnlyForDeploymentPostprocessing = 0;
		};
		F5AC045A21777FA300FF9887 /* Resources */ = {
			isa = PBXResourcesBuildPhase;
			buildActionMask = 2147483647;
			files = (
			);
			runOnlyForDeploymentPostprocessing = 0;
		};
		F5AC046521777FA300FF9887 /* Resources */ = {
			isa = PBXResourcesBuildPhase;
			buildActionMask = 2147483647;
			files = (
			);
			runOnlyForDeploymentPostprocessing = 0;
		};
/* End PBXResourcesBuildPhase section */

/* Begin PBXSourcesBuildPhase section */
		F5AC044421777FA200FF9887 /* Sources */ = {
			isa = PBXSourcesBuildPhase;
			buildActionMask = 2147483647;
			files = (
				F5AC044E21777FA200FF9887 /* ViewController.swift in Sources */,
				F5AC044C21777FA200FF9887 /* AppDelegate.swift in Sources */,
			);
			runOnlyForDeploymentPostprocessing = 0;
		};
		F5AC045821777FA300FF9887 /* Sources */ = {
			isa = PBXSourcesBuildPhase;
			buildActionMask = 2147483647;
			files = (
				F5AC046121777FA300FF9887 /* iPadAppTests.swift in Sources */,
			);
			runOnlyForDeploymentPostprocessing = 0;
		};
		F5AC046321777FA300FF9887 /* Sources */ = {
			isa = PBXSourcesBuildPhase;
			buildActionMask = 2147483647;
			files = (
				F5AC046C21777FA300FF9887 /* iPadAppUITests.swift in Sources */,
			);
			runOnlyForDeploymentPostprocessing = 0;
		};
/* End PBXSourcesBuildPhase section */

/* Begin PBXTargetDependency section */
		F5AC045E21777FA300FF9887 /* PBXTargetDependency */ = {
			isa = PBXTargetDependency;
			target = F5AC044721777FA200FF9887 /* iPadApp */;
			targetProxy = F5AC045D21777FA300FF9887 /* PBXContainerItemProxy */;
		};
		F5AC046921777FA300FF9887 /* PBXTargetDependency */ = {
			isa = PBXTargetDependency;
			target = F5AC044721777FA200FF9887 /* iPadApp */;
			targetProxy = F5AC046821777FA300FF9887 /* PBXContainerItemProxy */;
		};
/* End PBXTargetDependency section */

/* Begin PBXVariantGroup section */
		F5AC044F21777FA200FF9887 /* Main.storyboard */ = {
			isa = PBXVariantGroup;
			children = (
				F5AC045021777FA200FF9887 /* Base */,
			);
			name = Main.storyboard;
			sourceTree = "<group>";
		};
		F5AC045421777FA300FF9887 /* LaunchScreen.storyboard */ = {
			isa = PBXVariantGroup;
			children = (
				F5AC045521777FA300FF9887 /* Base */,
			);
			name = LaunchScreen.storyboard;
			sourceTree = "<group>";
		};
/* End PBXVariantGroup section */

/* Begin XCBuildConfiguration section */
		F5AC046E21777FA300FF9887 /* Debug */ = {
			isa = XCBuildConfiguration;
			buildSettings = {
				ALWAYS_SEARCH_USER_PATHS = NO;
				CLANG_ANALYZER_NONNULL = YES;
				CLANG_ANALYZER_NUMBER_OBJECT_CONVERSION = YES_AGGRESSIVE;
				CLANG_CXX_LANGUAGE_STANDARD = "gnu++14";
				CLANG_CXX_LIBRARY = "libc++";
				CLANG_ENABLE_MODULES = YES;
				CLANG_ENABLE_OBJC_ARC = YES;
				CLANG_ENABLE_OBJC_WEAK = YES;
				CLANG_WARN_BLOCK_CAPTURE_AUTORELEASING = YES;
				CLANG_WARN_BOOL_CONVERSION = YES;
				CLANG_WARN_COMMA = YES;
				CLANG_WARN_CONSTANT_CONVERSION = YES;
				CLANG_WARN_DEPRECATED_OBJC_IMPLEMENTATIONS = YES;
				CLANG_WARN_DIRECT_OBJC_ISA_USAGE = YES_ERROR;
				CLANG_WARN_DOCUMENTATION_COMMENTS = YES;
				CLANG_WARN_EMPTY_BODY = YES;
				CLANG_WARN_ENUM_CONVERSION = YES;
				CLANG_WARN_INFINITE_RECURSION = YES;
				CLANG_WARN_INT_CONVERSION = YES;
				CLANG_WARN_NON_LITERAL_NULL_CONVERSION = YES;
				CLANG_WARN_OBJC_IMPLICIT_RETAIN_SELF = YES;
				CLANG_WARN_OBJC_LITERAL_CONVERSION = YES;
				CLANG_WARN_OBJC_ROOT_CLASS = YES_ERROR;
				CLANG_WARN_RANGE_LOOP_ANALYSIS = YES;
				CLANG_WARN_STRICT_PROTOTYPES = YES;
				CLANG_WARN_SUSPICIOUS_MOVE = YES;
				CLANG_WARN_UNGUARDED_AVAILABILITY = YES_AGGRESSIVE;
				CLANG_WARN_UNREACHABLE_CODE = YES;
				CLANG_WARN__DUPLICATE_METHOD_MATCH = YES;
				CODE_SIGN_IDENTITY = "iPhone Developer";
				COPY_PHASE_STRIP = NO;
				DEBUG_INFORMATION_FORMAT = dwarf;
				ENABLE_STRICT_OBJC_MSGSEND = YES;
				ENABLE_TESTABILITY = YES;
				GCC_C_LANGUAGE_STANDARD = gnu11;
				GCC_DYNAMIC_NO_PIC = NO;
				GCC_NO_COMMON_BLOCKS = YES;
				GCC_OPTIMIZATION_LEVEL = 0;
				GCC_PREPROCESSOR_DEFINITIONS = (
					"DEBUG=1",
					"$(inherited)",
				);
				GCC_WARN_64_TO_32_BIT_CONVERSION = YES;
				GCC_WARN_ABOUT_RETURN_TYPE = YES_ERROR;
				GCC_WARN_UNDECLARED_SELECTOR = YES;
				GCC_WARN_UNINITIALIZED_AUTOS = YES_AGGRESSIVE;
				GCC_WARN_UNUSED_FUNCTION = YES;
				GCC_WARN_UNUSED_VARIABLE = YES;
				IPHONEOS_DEPLOYMENT_TARGET = 12.0;
				MTL_ENABLE_DEBUG_INFO = INCLUDE_SOURCE;
				MTL_FAST_MATH = YES;
				ONLY_ACTIVE_ARCH = YES;
				SDKROOT = iphoneos;
				SWIFT_ACTIVE_COMPILATION_CONDITIONS = DEBUG;
				SWIFT_OPTIMIZATION_LEVEL = "-Onone";
			};
			name = Debug;
		};
		F5AC046F21777FA300FF9887 /* Release */ = {
			isa = XCBuildConfiguration;
			buildSettings = {
				ALWAYS_SEARCH_USER_PATHS = NO;
				CLANG_ANALYZER_NONNULL = YES;
				CLANG_ANALYZER_NUMBER_OBJECT_CONVERSION = YES_AGGRESSIVE;
				CLANG_CXX_LANGUAGE_STANDARD = "gnu++14";
				CLANG_CXX_LIBRARY = "libc++";
				CLANG_ENABLE_MODULES = YES;
				CLANG_ENABLE_OBJC_ARC = YES;
				CLANG_ENABLE_OBJC_WEAK = YES;
				CLANG_WARN_BLOCK_CAPTURE_AUTORELEASING = YES;
				CLANG_WARN_BOOL_CONVERSION = YES;
				CLANG_WARN_COMMA = YES;
				CLANG_WARN_CONSTANT_CONVERSION = YES;
				CLANG_WARN_DEPRECATED_OBJC_IMPLEMENTATIONS = YES;
				CLANG_WARN_DIRECT_OBJC_ISA_USAGE = YES_ERROR;
				CLANG_WARN_DOCUMENTATION_COMMENTS = YES;
				CLANG_WARN_EMPTY_BODY = YES;
				CLANG_WARN_ENUM_CONVERSION = YES;
				CLANG_WARN_INFINITE_RECURSION = YES;
				CLANG_WARN_INT_CONVERSION = YES;
				CLANG_WARN_NON_LITERAL_NULL_CONVERSION = YES;
				CLANG_WARN_OBJC_IMPLICIT_RETAIN_SELF = YES;
				CLANG_WARN_OBJC_LITERAL_CONVERSION = YES;
				CLANG_WARN_OBJC_ROOT_CLASS = YES_ERROR;
				CLANG_WARN_RANGE_LOOP_ANALYSIS = YES;
				CLANG_WARN_STRICT_PROTOTYPES = YES;
				CLANG_WARN_SUSPICIOUS_MOVE = YES;
				CLANG_WARN_UNGUARDED_AVAILABILITY = YES_AGGRESSIVE;
				CLANG_WARN_UNREACHABLE_CODE = YES;
				CLANG_WARN__DUPLICATE_METHOD_MATCH = YES;
				CODE_SIGN_IDENTITY = "iPhone Developer";
				COPY_PHASE_STRIP = NO;
				DEBUG_INFORMATION_FORMAT = "dwarf-with-dsym";
				ENABLE_NS_ASSERTIONS = NO;
				ENABLE_STRICT_OBJC_MSGSEND = YES;
				GCC_C_LANGUAGE_STANDARD = gnu11;
				GCC_NO_COMMON_BLOCKS = YES;
				GCC_WARN_64_TO_32_BIT_CONVERSION = YES;
				GCC_WARN_ABOUT_RETURN_TYPE = YES_ERROR;
				GCC_WARN_UNDECLARED_SELECTOR = YES;
				GCC_WARN_UNINITIALIZED_AUTOS = YES_AGGRESSIVE;
				GCC_WARN_UNUSED_FUNCTION = YES;
				GCC_WARN_UNUSED_VARIABLE = YES;
				IPHONEOS_DEPLOYMENT_TARGET = 12.0;
				MTL_ENABLE_DEBUG_INFO = NO;
				MTL_FAST_MATH = YES;
				SDKROOT = iphoneos;
				SWIFT_COMPILATION_MODE = wholemodule;
				SWIFT_OPTIMIZATION_LEVEL = "-O";
				VALIDATE_PRODUCT = YES;
			};
			name = Release;
		};
		F5AC047121777FA300FF9887 /* Debug */ = {
			isa = XCBuildConfiguration;
			buildSettings = {
				ASSETCATALOG_COMPILER_APPICON_NAME = AppIcon;
				CODE_SIGN_STYLE = Automatic;
				DEVELOPMENT_TEAM = L66Y8S62HH;
				INFOPLIST_FILE = iPadApp/Info.plist;
				LD_RUNPATH_SEARCH_PATHS = (
					"$(inherited)",
					"@executable_path/Frameworks",
				);
				PRODUCT_BUNDLE_IDENTIFIER = hiroki.iPadApp;
				PRODUCT_NAME = "$(TARGET_NAME)";
				SWIFT_VERSION = 4.2;
				TARGETED_DEVICE_FAMILY = "1,2";
			};
			name = Debug;
		};
		F5AC047221777FA300FF9887 /* Release */ = {
			isa = XCBuildConfiguration;
			buildSettings = {
				ASSETCATALOG_COMPILER_APPICON_NAME = AppIcon;
				CODE_SIGN_STYLE = Automatic;
				DEVELOPMENT_TEAM = L66Y8S62HH;
				INFOPLIST_FILE = iPadApp/Info.plist;
				LD_RUNPATH_SEARCH_PATHS = (
					"$(inherited)",
					"@executable_path/Frameworks",
				);
				PRODUCT_BUNDLE_IDENTIFIER = hiroki.iPadApp;
				PRODUCT_NAME = "$(TARGET_NAME)";
				SWIFT_VERSION = 4.2;
				TARGETED_DEVICE_FAMILY = "1,2";
			};
			name = Release;
		};
		F5AC047421777FA300FF9887 /* Debug */ = {
			isa = XCBuildConfiguration;
			buildSettings = {
				ALWAYS_EMBED_SWIFT_STANDARD_LIBRARIES = YES;
				BUNDLE_LOADER = "$(TEST_HOST)";
				CODE_SIGN_STYLE = Automatic;
				INFOPLIST_FILE = iPadAppTests/Info.plist;
				LD_RUNPATH_SEARCH_PATHS = (
					"$(inherited)",
					"@executable_path/Frameworks",
					"@loader_path/Frameworks",
				);
				PRODUCT_BUNDLE_IDENTIFIER = hiroki.iPadAppTests;
				PRODUCT_NAME = "$(TARGET_NAME)";
				SWIFT_VERSION = 4.2;
				TARGETED_DEVICE_FAMILY = "1,2";
				TEST_HOST = "$(BUILT_PRODUCTS_DIR)/iPadApp.app/iPadApp";
			};
			name = Debug;
		};
		F5AC047521777FA300FF9887 /* Release */ = {
			isa = XCBuildConfiguration;
			buildSettings = {
				ALWAYS_EMBED_SWIFT_STANDARD_LIBRARIES = YES;
				BUNDLE_LOADER = "$(TEST_HOST)";
				CODE_SIGN_STYLE = Automatic;
				INFOPLIST_FILE = iPadAppTests/Info.plist;
				LD_RUNPATH_SEARCH_PATHS = (
					"$(inherited)",
					"@executable_path/Frameworks",
					"@loader_path/Frameworks",
				);
				PRODUCT_BUNDLE_IDENTIFIER = hiroki.iPadAppTests;
				PRODUCT_NAME = "$(TARGET_NAME)";
				SWIFT_VERSION = 4.2;
				TARGETED_DEVICE_FAMILY = "1,2";
				TEST_HOST = "$(BUILT_PRODUCTS_DIR)/iPadApp.app/iPadApp";
			};
			name = Release;
		};
		F5AC047721777FA300FF9887 /* Debug */ = {
			isa = XCBuildConfiguration;
			buildSettings = {
				ALWAYS_EMBED_SWIFT_STANDARD_LIBRARIES = YES;
				CODE_SIGN_STYLE = Automatic;
				INFOPLIST_FILE = iPadAppUITests/Info.plist;
				LD_RUNPATH_SEARCH_PATHS = (
					"$(inherited)",
					"@executable_path/Frameworks",
					"@loader_path/Frameworks",
				);
				PRODUCT_BUNDLE_IDENTIFIER = hiroki.iPadAppUITests;
				PRODUCT_NAME = "$(TARGET_NAME)";
				SWIFT_VERSION = 4.2;
				TARGETED_DEVICE_FAMILY = "1,2";
				TEST_TARGET_NAME = iPadApp;
			};
			name = Debug;
		};
		F5AC047821777FA300FF9887 /* Release */ = {
			isa = XCBuildConfiguration;
			buildSettings = {
				ALWAYS_EMBED_SWIFT_STANDARD_LIBRARIES = YES;
				CODE_SIGN_STYLE = Automatic;
				INFOPLIST_FILE = iPadAppUITests/Info.plist;
				LD_RUNPATH_SEARCH_PATHS = (
					"$(inherited)",
					"@executable_path/Frameworks",
					"@loader_path/Frameworks",
				);
				PRODUCT_BUNDLE_IDENTIFIER = hiroki.iPadAppUITests;
				PRODUCT_NAME = "$(TARGET_NAME)";
				SWIFT_VERSION = 4.2;
				TARGETED_DEVICE_FAMILY = "1,2";
				TEST_TARGET_NAME = iPadApp;
			};
			name = Release;
		};
/* End XCBuildConfiguration section */

/* Begin XCConfigurationList section */
		F5AC044321777FA200FF9887 /* Build configuration list for PBXProject "iPadApp" */ = {
			isa = XCConfigurationList;
			buildConfigurations = (
				F5AC046E21777FA300FF9887 /* Debug */,
				F5AC046F21777FA300FF9887 /* Release */,
			);
			defaultConfigurationIsVisible = 0;
			defaultConfigurationName = Release;
		};
		F5AC047021777FA300FF9887 /* Build configuration list for PBXNativeTarget "iPadApp" */ = {
			isa = XCConfigurationList;
			buildConfigurations = (
				F5AC047121777FA300FF9887 /* Debug */,
				F5AC047221777FA300FF9887 /* Release */,
			);
			defaultConfigurationIsVisible = 0;
			defaultConfigurationName = Release;
		};
		F5AC047321777FA300FF9887 /* Build configuration list for PBXNativeTarget "iPadAppTests" */ = {
			isa = XCConfigurationList;
			buildConfigurations = (
				F5AC047421777FA300FF9887 /* Debug */,
				F5AC047521777FA300FF9887 /* Release */,
			);
			defaultConfigurationIsVisible = 0;
			defaultConfigurationName = Release;
		};
		F5AC047621777FA300FF9887 /* Build configuration list for PBXNativeTarget "iPadAppUITests" */ = {
			isa = XCConfigurationList;
			buildConfigurations = (
				F5AC047721777FA300FF9887 /* Debug */,
				F5AC047821777FA300FF9887 /* Release */,
			);
			defaultConfigurationIsVisible = 0;
			defaultConfigurationName = Release;
		};
/* End XCConfigurationList section */
	};
	rootObject = F5AC044021777FA200FF9887 /* Project object */;
}
